
Microsoft Visual Studio Solution File, Format Version 12.00
# Visual Studio Version 16
VisualStudioVersion = 16.0.30503.244
MinimumVisualStudioVersion = 10.0.40219.1
Project("{8BC9CEB8-8B4A-11D0-8D11-00A0C91BC942}") = "CalculatorRelease", "CalculatorRelease\CalculatorRelease.vcxproj", "{1F877B9E-5ECD-4474-9453-307FE11C2BA0}"
EndProject
Global
	GlobalSection(SolutionConfigurationPlatforms) = preSolution
		Debug|x64 = Debug|x64
		Debug|x86 = Debug|x86
		Release|x64 = Release|x64
		Release|x86 = Release|x86
	EndGlobalSection
	GlobalSection(ProjectConfigurationPlatforms) = postSolution
		{1F877B9E-5ECD-4474-9453-307FE11C2BA0}.Debug|x64.ActiveCfg = Debug|x64
		{1F877B9E-5ECD-4474-9453-307FE11C2BA0}.Debug|x64.Build.0 = Debug|x64
		{1F877B9E-5ECD-4474-9453-307FE11C2BA0}.Debug|x86.ActiveCfg = Debug|Win32
		{1F877B9E-5ECD-4474-9453-307FE11C2BA0}.Debug|x86.Build.0 = Debug|Win32
		{1F877B9E-5ECD-4474-9453-307FE11C2BA0}.Release|x64.ActiveCfg = Release|x64
		{1F877B9E-5ECD-4474-9453-307FE11C2BA0}.Release|x64.Build.0 = Release|x64
		{1F877B9E-5ECD-4474-9453-307FE11C2BA0}.Release|x86.ActiveCfg = Release|Win32
		{1F877B9E-5ECD-4474-9453-307FE11C2BA0}.Release|x86.Build.0 = Release|Win32
	EndGlobalSection
	GlobalSection(SolutionProperties) = preSolution
		HideSolutionNode = FALSE
	EndGlobalSection
	GlobalSection(ExtensibilityGlobals) = postSolution
		SolutionGuid = {0D024153-48A1-40C6-A934-7F2C8B5F6214}
	EndGlobalSection
EndGlobal
